// !$*UTF8*$!
{
	archiveVersion = 1;
	classes = {
	};
	objectVersion = 50;
	objects = {

/* Begin PBXBuildFile section */
		5F043BC62214072700635313 /* BaseCollectionViewCell.swift in Sources */ = {isa = PBXBuildFile; fileRef = 5F043BC52214072700635313 /* BaseCollectionViewCell.swift */; };
		5F75E419221271C400E96EEB /* BinderViewType.swift in Sources */ = {isa = PBXBuildFile; fileRef = 5F75E418221271C400E96EEB /* BinderViewType.swift */; };
		5F75E41C221272E700E96EEB /* BaseViewController.swift in Sources */ = {isa = PBXBuildFile; fileRef = 5F75E41B221272E700E96EEB /* BaseViewController.swift */; };
		5F75E41E2212766200E96EEB /* BaseNavigationController.swift in Sources */ = {isa = PBXBuildFile; fileRef = 5F75E41D2212766200E96EEB /* BaseNavigationController.swift */; };
		5FCCE9B5221134A000D7A91F /* AppDelegate.swift in Sources */ = {isa = PBXBuildFile; fileRef = 5FCCE9B4221134A000D7A91F /* AppDelegate.swift */; };
		5FCCE9BC221134A100D7A91F /* Assets.xcassets in Resources */ = {isa = PBXBuildFile; fileRef = 5FCCE9BB221134A100D7A91F /* Assets.xcassets */; };
		5FCCE9BF221134A100D7A91F /* LaunchScreen.storyboard in Resources */ = {isa = PBXBuildFile; fileRef = 5FCCE9BD221134A100D7A91F /* LaunchScreen.storyboard */; };
		5FCCE9CD221136EF00D7A91F /* .swiftlint.yml in Resources */ = {isa = PBXBuildFile; fileRef = 5FCCE9CC221136EF00D7A91F /* .swiftlint.yml */; };
		5FCCE9D222114AF500D7A91F /* AppApi.swift in Sources */ = {isa = PBXBuildFile; fileRef = 5FCCE9D122114AF500D7A91F /* AppApi.swift */; };
		5FCCE9D422114E5100D7A91F /* ServiceType.swift in Sources */ = {isa = PBXBuildFile; fileRef = 5FCCE9D322114E5100D7A91F /* ServiceType.swift */; };
		5FCCE9D622114E9A00D7A91F /* Service.swift in Sources */ = {isa = PBXBuildFile; fileRef = 5FCCE9D522114E9A00D7A91F /* Service.swift */; };
		5FCCE9D82211593700D7A91F /* MainViewController.swift in Sources */ = {isa = PBXBuildFile; fileRef = 5FCCE9D72211593700D7A91F /* MainViewController.swift */; };
		5FCCE9DB2211600D00D7A91F /* MovieModel.swift in Sources */ = {isa = PBXBuildFile; fileRef = 5FCCE9DA2211600D00D7A91F /* MovieModel.swift */; };
		5FCCE9DF22116A7200D7A91F /* MainViewModel.swift in Sources */ = {isa = PBXBuildFile; fileRef = 5FCCE9DE22116A7200D7A91F /* MainViewModel.swift */; };
		662D0427F4A666F9F9853FBA /* Pods_RxSwiftExample.framework in Frameworks */ = {isa = PBXBuildFile; fileRef = 1A8AD6AD4A6BD479B60CB975 /* Pods_RxSwiftExample.framework */; };
/* End PBXBuildFile section */

/* Begin PBXFileReference section */
		1A8AD6AD4A6BD479B60CB975 /* Pods_RxSwiftExample.framework */ = {isa = PBXFileReference; explicitFileType = wrapper.framework; includeInIndex = 0; path = Pods_RxSwiftExample.framework; sourceTree = BUILT_PRODUCTS_DIR; };
		1FBA0418C24CAF4C836C42C3 /* Pods-RxSwiftExample.release.xcconfig */ = {isa = PBXFileReference; includeInIndex = 1; lastKnownFileType = text.xcconfig; name = "Pods-RxSwiftExample.release.xcconfig"; path = "Pods/Target Support Files/Pods-RxSwiftExample/Pods-RxSwiftExample.release.xcconfig"; sourceTree = "<group>"; };
		5F043BC52214072700635313 /* BaseCollectionViewCell.swift */ = {isa = PBXFileReference; lastKnownFileType = sourcecode.swift; path = BaseCollectionViewCell.swift; sourceTree = "<group>"; };
		5F75E418221271C400E96EEB /* BinderViewType.swift */ = {isa = PBXFileReference; lastKnownFileType = sourcecode.swift; path = BinderViewType.swift; sourceTree = "<group>"; };
		5F75E41B221272E700E96EEB /* BaseViewController.swift */ = {isa = PBXFileReference; lastKnownFileType = sourcecode.swift; path = BaseViewController.swift; sourceTree = "<group>"; };
		5F75E41D2212766200E96EEB /* BaseNavigationController.swift */ = {isa = PBXFileReference; lastKnownFileType = sourcecode.swift; path = BaseNavigationController.swift; sourceTree = "<group>"; };
		5FCCE9B1221134A000D7A91F /* RxSwiftExample.app */ = {isa = PBXFileReference; explicitFileType = wrapper.application; includeInIndex = 0; path = RxSwiftExample.app; sourceTree = BUILT_PRODUCTS_DIR; };
		5FCCE9B4221134A000D7A91F /* AppDelegate.swift */ = {isa = PBXFileReference; lastKnownFileType = sourcecode.swift; path = AppDelegate.swift; sourceTree = "<group>"; };
		5FCCE9BB221134A100D7A91F /* Assets.xcassets */ = {isa = PBXFileReference; lastKnownFileType = folder.assetcatalog; path = Assets.xcassets; sourceTree = "<group>"; };
		5FCCE9BE221134A100D7A91F /* Base */ = {isa = PBXFileReference; lastKnownFileType = file.storyboard; name = Base; path = Base.lproj/LaunchScreen.storyboard; sourceTree = "<group>"; };
		5FCCE9C0221134A100D7A91F /* Info.plist */ = {isa = PBXFileReference; lastKnownFileType = text.plist.xml; path = Info.plist; sourceTree = "<group>"; };
		5FCCE9CC221136EF00D7A91F /* .swiftlint.yml */ = {isa = PBXFileReference; lastKnownFileType = text; path = .swiftlint.yml; sourceTree = "<group>"; };
		5FCCE9D122114AF500D7A91F /* AppApi.swift */ = {isa = PBXFileReference; lastKnownFileType = sourcecode.swift; path = AppApi.swift; sourceTree = "<group>"; };
		5FCCE9D322114E5100D7A91F /* ServiceType.swift */ = {isa = PBXFileReference; lastKnownFileType = sourcecode.swift; path = ServiceType.swift; sourceTree = "<group>"; };
		5FCCE9D522114E9A00D7A91F /* Service.swift */ = {isa = PBXFileReference; lastKnownFileType = sourcecode.swift; path = Service.swift; sourceTree = "<group>"; };
		5FCCE9D72211593700D7A91F /* MainViewController.swift */ = {isa = PBXFileReference; lastKnownFileType = sourcecode.swift; path = MainViewController.swift; sourceTree = "<group>"; };
		5FCCE9DA2211600D00D7A91F /* MovieModel.swift */ = {isa = PBXFileReference; lastKnownFileType = sourcecode.swift; path = MovieModel.swift; sourceTree = "<group>"; };
		5FCCE9DE22116A7200D7A91F /* MainViewModel.swift */ = {isa = PBXFileReference; lastKnownFileType = sourcecode.swift; path = MainViewModel.swift; sourceTree = "<group>"; };
		FADD6A25C7179AB05A7C9172 /* Pods-RxSwiftExample.debug.xcconfig */ = {isa = PBXFileReference; includeInIndex = 1; lastKnownFileType = text.xcconfig; name = "Pods-RxSwiftExample.debug.xcconfig"; path = "Pods/Target Support Files/Pods-RxSwiftExample/Pods-RxSwiftExample.debug.xcconfig"; sourceTree = "<group>"; };
/* End PBXFileReference section */

/* Begin PBXFrameworksBuildPhase section */
		5FCCE9AE221134A000D7A91F /* Frameworks */ = {
			isa = PBXFrameworksBuildPhase;
			buildActionMask = 2147483647;
			files = (
				662D0427F4A666F9F9853FBA /* Pods_RxSwiftExample.framework in Frameworks */,
			);
			runOnlyForDeploymentPostprocessing = 0;
		};
/* End PBXFrameworksBuildPhase section */

/* Begin PBXGroup section */
		4F186064CEE8E66B32BBB480 /* Pods */ = {
			isa = PBXGroup;
			children = (
				FADD6A25C7179AB05A7C9172 /* Pods-RxSwiftExample.debug.xcconfig */,
				1FBA0418C24CAF4C836C42C3 /* Pods-RxSwiftExample.release.xcconfig */,
			);
			name = Pods;
			sourceTree = "<group>";
		};
		5F75E4152212591100E96EEB /* Common */ = {
			isa = PBXGroup;
			children = (
				5F75E418221271C400E96EEB /* BinderViewType.swift */,
			);
			path = Common;
			sourceTree = "<group>";
		};
		5F75E41A221272D600E96EEB /* Base */ = {
			isa = PBXGroup;
			children = (
				5F75E41B221272E700E96EEB /* BaseViewController.swift */,
				5F75E41D2212766200E96EEB /* BaseNavigationController.swift */,
				5F043BC52214072700635313 /* BaseCollectionViewCell.swift */,
			);
			path = Base;
			sourceTree = "<group>";
		};
		5FCCE9A8221134A000D7A91F = {
			isa = PBXGroup;
			children = (
				5FCCE9CC221136EF00D7A91F /* .swiftlint.yml */,
				5FCCE9B3221134A000D7A91F /* RxSwiftExample */,
				5FCCE9B2221134A000D7A91F /* Products */,
				4F186064CEE8E66B32BBB480 /* Pods */,
				BB4CE402624DDBE52370FF66 /* Frameworks */,
			);
			sourceTree = "<group>";
		};
		5FCCE9B2221134A000D7A91F /* Products */ = {
			isa = PBXGroup;
			children = (
				5FCCE9B1221134A000D7A91F /* RxSwiftExample.app */,
			);
			name = Products;
			sourceTree = "<group>";
		};
		5FCCE9B3221134A000D7A91F /* RxSwiftExample */ = {
			isa = PBXGroup;
			children = (
				5F75E41A221272D600E96EEB /* Base */,
				5F75E4152212591100E96EEB /* Common */,
				5FCCE9DC221169FB00D7A91F /* Contents */,
				5FCCE9D922115FFD00D7A91F /* Model */,
				5FCCE9D022114ADD00D7A91F /* Networking */,
				5FCCE9CF22114A9A00D7A91F /* Service */,
				5FCCE9CE2211373300D7A91F /* SupportFile */,
			);
			path = RxSwiftExample;
			sourceTree = "<group>";
		};
		5FCCE9CE2211373300D7A91F /* SupportFile */ = {
			isa = PBXGroup;
			children = (
				5FCCE9B4221134A000D7A91F /* AppDelegate.swift */,
				5FCCE9BB221134A100D7A91F /* Assets.xcassets */,
				5FCCE9BD221134A100D7A91F /* LaunchScreen.storyboard */,
				5FCCE9C0221134A100D7A91F /* Info.plist */,
			);
			path = SupportFile;
			sourceTree = "<group>";
		};
		5FCCE9CF22114A9A00D7A91F /* Service */ = {
			isa = PBXGroup;
			children = (
				5FCCE9D322114E5100D7A91F /* ServiceType.swift */,
				5FCCE9D522114E9A00D7A91F /* Service.swift */,
			);
			path = Service;
			sourceTree = "<group>";
		};
		5FCCE9D022114ADD00D7A91F /* Networking */ = {
			isa = PBXGroup;
			children = (
				5FCCE9D122114AF500D7A91F /* AppApi.swift */,
			);
			path = Networking;
			sourceTree = "<group>";
		};
		5FCCE9D922115FFD00D7A91F /* Model */ = {
			isa = PBXGroup;
			children = (
				5FCCE9DA2211600D00D7A91F /* MovieModel.swift */,
			);
			path = Model;
			sourceTree = "<group>";
		};
		5FCCE9DC221169FB00D7A91F /* Contents */ = {
			isa = PBXGroup;
			children = (
				5FCCE9DD22116A2000D7A91F /* Main */,
			);
			path = Contents;
			sourceTree = "<group>";
		};
		5FCCE9DD22116A2000D7A91F /* Main */ = {
			isa = PBXGroup;
			children = (
				5FCCE9D72211593700D7A91F /* MainViewController.swift */,
				5FCCE9DE22116A7200D7A91F /* MainViewModel.swift */,
			);
			path = Main;
			sourceTree = "<group>";
		};
		BB4CE402624DDBE52370FF66 /* Frameworks */ = {
			isa = PBXGroup;
			children = (
				1A8AD6AD4A6BD479B60CB975 /* Pods_RxSwiftExample.framework */,
			);
			name = Frameworks;
			sourceTree = "<group>";
		};
/* End PBXGroup section */

/* Begin PBXNativeTarget section */
		5FCCE9B0221134A000D7A91F /* RxSwiftExample */ = {
			isa = PBXNativeTarget;
			buildConfigurationList = 5FCCE9C3221134A100D7A91F /* Build configuration list for PBXNativeTarget "RxSwiftExample" */;
			buildPhases = (
				20DB2867A86C4675ECDDAD93 /* [CP] Check Pods Manifest.lock */,
				5FCCE9AD221134A000D7A91F /* Sources */,
				5FCCE9AE221134A000D7A91F /* Frameworks */,
				5FCCE9AF221134A000D7A91F /* Resources */,
				5FCCE9C82211362B00D7A91F /* ShellScript */,
				1DE80C062CD98AA44A4919C3 /* [CP] Embed Pods Frameworks */,
			);
			buildRules = (
			);
			dependencies = (
			);
			name = RxSwiftExample;
			productName = RxSwiftExample;
			productReference = 5FCCE9B1221134A000D7A91F /* RxSwiftExample.app */;
			productType = "com.apple.product-type.application";
		};
/* End PBXNativeTarget section */

/* Begin PBXProject section */
		5FCCE9A9221134A000D7A91F /* Project object */ = {
			isa = PBXProject;
			attributes = {
				LastSwiftUpdateCheck = 1010;
				LastUpgradeCheck = 1010;
				ORGANIZATIONNAME = Hanzo;
				TargetAttributes = {
					5FCCE9B0221134A000D7A91F = {
						CreatedOnToolsVersion = 10.1;
						LastSwiftMigration = 1010;
					};
				};
			};
			buildConfigurationList = 5FCCE9AC221134A000D7A91F /* Build configuration list for PBXProject "RxSwiftExample" */;
			compatibilityVersion = "Xcode 9.3";
			developmentRegion = en;
			hasScannedForEncodings = 0;
			knownRegions = (
				en,
				Base,
			);
			mainGroup = 5FCCE9A8221134A000D7A91F;
			productRefGroup = 5FCCE9B2221134A000D7A91F /* Products */;
			projectDirPath = "";
			projectRoot = "";
			targets = (
				5FCCE9B0221134A000D7A91F /* RxSwiftExample */,
			);
		};
/* End PBXProject section */

/* Begin PBXResourcesBuildPhase section */
		5FCCE9AF221134A000D7A91F /* Resources */ = {
			isa = PBXResourcesBuildPhase;
			buildActionMask = 2147483647;
			files = (
				5FCCE9CD221136EF00D7A91F /* .swiftlint.yml in Resources */,
				5FCCE9BF221134A100D7A91F /* LaunchScreen.storyboard in Resources */,
				5FCCE9BC221134A100D7A91F /* Assets.xcassets in Resources */,
			);
			runOnlyForDeploymentPostprocessing = 0;
		};
/* End PBXResourcesBuildPhase section */

/* Begin PBXShellScriptBuildPhase section */
		1DE80C062CD98AA44A4919C3 /* [CP] Embed Pods Frameworks */ = {
			isa = PBXShellScriptBuildPhase;
			buildActionMask = 2147483647;
			files = (
			);
			inputFileListPaths = (
			);
			inputPaths = (
				"${SRCROOT}/Pods/Target Support Files/Pods-RxSwiftExample/Pods-RxSwiftExample-frameworks.sh",
				"${BUILT_PRODUCTS_DIR}/Alamofire/Alamofire.framework",
				"${BUILT_PRODUCTS_DIR}/Differentiator/Differentiator.framework",
				"${BUILT_PRODUCTS_DIR}/Moya/Moya.framework",
				"${BUILT_PRODUCTS_DIR}/Result/Result.framework",
				"${BUILT_PRODUCTS_DIR}/RxAtomic/RxAtomic.framework",
				"${BUILT_PRODUCTS_DIR}/RxCocoa/RxCocoa.framework",
				"${BUILT_PRODUCTS_DIR}/RxDataSources/RxDataSources.framework",
				"${BUILT_PRODUCTS_DIR}/RxSwift/RxSwift.framework",
				"${BUILT_PRODUCTS_DIR}/RxViewController/RxViewController.framework",
				"${BUILT_PRODUCTS_DIR}/SnapKit/SnapKit.framework",
				"${BUILT_PRODUCTS_DIR}/Sniffer/Sniffer.framework",
			);
			name = "[CP] Embed Pods Frameworks";
			outputFileListPaths = (
			);
			outputPaths = (
				"${TARGET_BUILD_DIR}/${FRAMEWORKS_FOLDER_PATH}/Alamofire.framework",
				"${TARGET_BUILD_DIR}/${FRAMEWORKS_FOLDER_PATH}/Differentiator.framework",
				"${TARGET_BUILD_DIR}/${FRAMEWORKS_FOLDER_PATH}/Moya.framework",
				"${TARGET_BUILD_DIR}/${FRAMEWORKS_FOLDER_PATH}/Result.framework",
				"${TARGET_BUILD_DIR}/${FRAMEWORKS_FOLDER_PATH}/RxAtomic.framework",
				"${TARGET_BUILD_DIR}/${FRAMEWORKS_FOLDER_PATH}/RxCocoa.framework",
				"${TARGET_BUILD_DIR}/${FRAMEWORKS_FOLDER_PATH}/RxDataSources.framework",
				"${TARGET_BUILD_DIR}/${FRAMEWORKS_FOLDER_PATH}/RxSwift.framework",
				"${TARGET_BUILD_DIR}/${FRAMEWORKS_FOLDER_PATH}/RxViewController.framework",
				"${TARGET_BUILD_DIR}/${FRAMEWORKS_FOLDER_PATH}/SnapKit.framework",
				"${TARGET_BUILD_DIR}/${FRAMEWORKS_FOLDER_PATH}/Sniffer.framework",
			);
			runOnlyForDeploymentPostprocessing = 0;
			shellPath = /bin/sh;
			shellScript = "\"${SRCROOT}/Pods/Target Support Files/Pods-RxSwiftExample/Pods-RxSwiftExample-frameworks.sh\"\n";
			showEnvVarsInLog = 0;
		};
		20DB2867A86C4675ECDDAD93 /* [CP] Check Pods Manifest.lock */ = {
			isa = PBXShellScriptBuildPhase;
			buildActionMask = 2147483647;
			files = (
			);
			inputFileListPaths = (
			);
			inputPaths = (
				"${PODS_PODFILE_DIR_PATH}/Podfile.lock",
				"${PODS_ROOT}/Manifest.lock",
			);
			name = "[CP] Check Pods Manifest.lock";
			outputFileListPaths = (
			);
			outputPaths = (
				"$(DERIVED_FILE_DIR)/Pods-RxSwiftExample-checkManifestLockResult.txt",
			);
			runOnlyForDeploymentPostprocessing = 0;
			shellPath = /bin/sh;
			shellScript = "diff \"${PODS_PODFILE_DIR_PATH}/Podfile.lock\" \"${PODS_ROOT}/Manifest.lock\" > /dev/null\nif [ $? != 0 ] ; then\n    # print error to STDERR\n    echo \"error: The sandbox is not in sync with the Podfile.lock. Run 'pod install' or update your CocoaPods installation.\" >&2\n    exit 1\nfi\n# This output is used by Xcode 'outputs' to avoid re-running this script phase.\necho \"SUCCESS\" > \"${SCRIPT_OUTPUT_FILE_0}\"\n";
			showEnvVarsInLog = 0;
		};
		5FCCE9C82211362B00D7A91F /* ShellScript */ = {
			isa = PBXShellScriptBuildPhase;
			buildActionMask = 2147483647;
			files = (
			);
			inputFileListPaths = (
			);
			inputPaths = (
			);
			outputFileListPaths = (
			);
			outputPaths = (
			);
			runOnlyForDeploymentPostprocessing = 0;
			shellPath = /bin/sh;
			shellScript = "\"${PODS_ROOT}/SwiftLint/swiftlint\"\n";
		};
/* End PBXShellScriptBuildPhase section */

/* Begin PBXSourcesBuildPhase section */
		5FCCE9AD221134A000D7A91F /* Sources */ = {
			isa = PBXSourcesBuildPhase;
			buildActionMask = 2147483647;
			files = (
				5F75E419221271C400E96EEB /* BinderViewType.swift in Sources */,
				5FCCE9DF22116A7200D7A91F /* MainViewModel.swift in Sources */,
				5FCCE9DB2211600D00D7A91F /* MovieModel.swift in Sources */,
				5F75E41E2212766200E96EEB /* BaseNavigationController.swift in Sources */,
				5F043BC62214072700635313 /* BaseCollectionViewCell.swift in Sources */,
				5FCCE9D82211593700D7A91F /* MainViewController.swift in Sources */,
				5FCCE9D222114AF500D7A91F /* AppApi.swift in Sources */,
				5F75E41C221272E700E96EEB /* BaseViewController.swift in Sources */,
				5FCCE9D622114E9A00D7A91F /* Service.swift in Sources */,
				5FCCE9B5221134A000D7A91F /* AppDelegate.swift in Sources */,
				5FCCE9D422114E5100D7A91F /* ServiceType.swift in Sources */,
			);
			runOnlyForDeploymentPostprocessing = 0;
		};
/* End PBXSourcesBuildPhase section */

/* Begin PBXVariantGroup section */
		5FCCE9BD221134A100D7A91F /* LaunchScreen.storyboard */ = {
			isa = PBXVariantGroup;
			children = (
				5FCCE9BE221134A100D7A91F /* Base */,
			);
			name = LaunchScreen.storyboard;
			sourceTree = "<group>";
		};
/* End PBXVariantGroup section */

/* Begin XCBuildConfiguration section */
		5FCCE9C1221134A100D7A91F /* Debug */ = {
			isa = XCBuildConfiguration;
			buildSettings = {
				ALWAYS_SEARCH_USER_PATHS = NO;
				CLANG_ANALYZER_NONNULL = YES;
				CLANG_ANALYZER_NUMBER_OBJECT_CONVERSION = YES_AGGRESSIVE;
				CLANG_CXX_LANGUAGE_STANDARD = "gnu++14";
				CLANG_CXX_LIBRARY = "libc++";
				CLANG_ENABLE_MODULES = YES;
				CLANG_ENABLE_OBJC_ARC = YES;
				CLANG_ENABLE_OBJC_WEAK = YES;
				CLANG_WARN_BLOCK_CAPTURE_AUTORELEASING = YES;
				CLANG_WARN_BOOL_CONVERSION = YES;
				CLANG_WARN_COMMA = YES;
				CLANG_WARN_CONSTANT_CONVERSION = YES;
				CLANG_WARN_DEPRECATED_OBJC_IMPLEMENTATIONS = YES;
				CLANG_WARN_DIRECT_OBJC_ISA_USAGE = YES_ERROR;
				CLANG_WARN_DOCUMENTATION_COMMENTS = YES;
				CLANG_WARN_EMPTY_BODY = YES;
				CLANG_WARN_ENUM_CONVERSION = YES;
				CLANG_WARN_INFINITE_RECURSION = YES;
				CLANG_WARN_INT_CONVERSION = YES;
				CLANG_WARN_NON_LITERAL_NULL_CONVERSION = YES;
				CLANG_WARN_OBJC_IMPLICIT_RETAIN_SELF = YES;
				CLANG_WARN_OBJC_LITERAL_CONVERSION = YES;
				CLANG_WARN_OBJC_ROOT_CLASS = YES_ERROR;
				CLANG_WARN_RANGE_LOOP_ANALYSIS = YES;
				CLANG_WARN_STRICT_PROTOTYPES = YES;
				CLANG_WARN_SUSPICIOUS_MOVE = YES;
				CLANG_WARN_UNGUARDED_AVAILABILITY = YES_AGGRESSIVE;
				CLANG_WARN_UNREACHABLE_CODE = YES;
				CLANG_WARN__DUPLICATE_METHOD_MATCH = YES;
				CODE_SIGN_IDENTITY = "iPhone Developer";
				COPY_PHASE_STRIP = NO;
				DEBUG_INFORMATION_FORMAT = dwarf;
				ENABLE_STRICT_OBJC_MSGSEND = YES;
				ENABLE_TESTABILITY = YES;
				GCC_C_LANGUAGE_STANDARD = gnu11;
				GCC_DYNAMIC_NO_PIC = NO;
				GCC_NO_COMMON_BLOCKS = YES;
				GCC_OPTIMIZATION_LEVEL = 0;
				GCC_PREPROCESSOR_DEFINITIONS = (
					"DEBUG=1",
					"$(inherited)",
				);
				GCC_WARN_64_TO_32_BIT_CONVERSION = YES;
				GCC_WARN_ABOUT_RETURN_TYPE = YES_ERROR;
				GCC_WARN_UNDECLARED_SELECTOR = YES;
				GCC_WARN_UNINITIALIZED_AUTOS = YES_AGGRESSIVE;
				GCC_WARN_UNUSED_FUNCTION = YES;
				GCC_WARN_UNUSED_VARIABLE = YES;
				IPHONEOS_DEPLOYMENT_TARGET = 12.1;
				MTL_ENABLE_DEBUG_INFO = INCLUDE_SOURCE;
				MTL_FAST_MATH = YES;
				ONLY_ACTIVE_ARCH = YES;
				SDKROOT = iphoneos;
				SWIFT_ACTIVE_COMPILATION_CONDITIONS = DEBUG;
				SWIFT_OPTIMIZATION_LEVEL = "-Onone";
			};
			name = Debug;
		};
		5FCCE9C2221134A100D7A91F /* Release */ = {
			isa = XCBuildConfiguration;
			buildSettings = {
				ALWAYS_SEARCH_USER_PATHS = NO;
				CLANG_ANALYZER_NONNULL = YES;
				CLANG_ANALYZER_NUMBER_OBJECT_CONVERSION = YES_AGGRESSIVE;
				CLANG_CXX_LANGUAGE_STANDARD = "gnu++14";
				CLANG_CXX_LIBRARY = "libc++";
				CLANG_ENABLE_MODULES = YES;
				CLANG_ENABLE_OBJC_ARC = YES;
				CLANG_ENABLE_OBJC_WEAK = YES;
				CLANG_WARN_BLOCK_CAPTURE_AUTORELEASING = YES;
				CLANG_WARN_BOOL_CONVERSION = YES;
				CLANG_WARN_COMMA = YES;
				CLANG_WARN_CONSTANT_CONVERSION = YES;
				CLANG_WARN_DEPRECATED_OBJC_IMPLEMENTATIONS = YES;
				CLANG_WARN_DIRECT_OBJC_ISA_USAGE = YES_ERROR;
				CLANG_WARN_DOCUMENTATION_COMMENTS = YES;
				CLANG_WARN_EMPTY_BODY = YES;
				CLANG_WARN_ENUM_CONVERSION = YES;
				CLANG_WARN_INFINITE_RECURSION = YES;
				CLANG_WARN_INT_CONVERSION = YES;
				CLANG_WARN_NON_LITERAL_NULL_CONVERSION = YES;
				CLANG_WARN_OBJC_IMPLICIT_RETAIN_SELF = YES;
				CLANG_WARN_OBJC_LITERAL_CONVERSION = YES;
				CLANG_WARN_OBJC_ROOT_CLASS = YES_ERROR;
				CLANG_WARN_RANGE_LOOP_ANALYSIS = YES;
				CLANG_WARN_STRICT_PROTOTYPES = YES;
				CLANG_WARN_SUSPICIOUS_MOVE = YES;
				CLANG_WARN_UNGUARDED_AVAILABILITY = YES_AGGRESSIVE;
				CLANG_WARN_UNREACHABLE_CODE = YES;
				CLANG_WARN__DUPLICATE_METHOD_MATCH = YES;
				CODE_SIGN_IDENTITY = "iPhone Developer";
				COPY_PHASE_STRIP = NO;
				DEBUG_INFORMATION_FORMAT = "dwarf-with-dsym";
				ENABLE_NS_ASSERTIONS = NO;
				ENABLE_STRICT_OBJC_MSGSEND = YES;
				GCC_C_LANGUAGE_STANDARD = gnu11;
				GCC_NO_COMMON_BLOCKS = YES;
				GCC_WARN_64_TO_32_BIT_CONVERSION = YES;
				GCC_WARN_ABOUT_RETURN_TYPE = YES_ERROR;
				GCC_WARN_UNDECLARED_SELECTOR = YES;
				GCC_WARN_UNINITIALIZED_AUTOS = YES_AGGRESSIVE;
				GCC_WARN_UNUSED_FUNCTION = YES;
				GCC_WARN_UNUSED_VARIABLE = YES;
				IPHONEOS_DEPLOYMENT_TARGET = 12.1;
				MTL_ENABLE_DEBUG_INFO = NO;
				MTL_FAST_MATH = YES;
				SDKROOT = iphoneos;
				SWIFT_COMPILATION_MODE = wholemodule;
				SWIFT_OPTIMIZATION_LEVEL = "-O";
				VALIDATE_PRODUCT = YES;
			};
			name = Release;
		};
		5FCCE9C4221134A100D7A91F /* Debug */ = {
			isa = XCBuildConfiguration;
			baseConfigurationReference = FADD6A25C7179AB05A7C9172 /* Pods-RxSwiftExample.debug.xcconfig */;
			buildSettings = {
				ASSETCATALOG_COMPILER_APPICON_NAME = AppIcon;
				CLANG_ENABLE_MODULES = YES;
				CODE_SIGN_STYLE = Automatic;
				INFOPLIST_FILE = "$(SRCROOT)/RxSwiftExample/SupportFile/Info.plist";
				IPHONEOS_DEPLOYMENT_TARGET = 11.0;
				LD_RUNPATH_SEARCH_PATHS = (
					"$(inherited)",
					"@executable_path/Frameworks",
				);
				PRODUCT_BUNDLE_IDENTIFIER = kr.hanzo.RxSwiftExample;
				PRODUCT_NAME = "$(TARGET_NAME)";
				SWIFT_OBJC_BRIDGING_HEADER = "";
				SWIFT_OPTIMIZATION_LEVEL = "-Onone";
				SWIFT_VERSION = 4.2;
				TARGETED_DEVICE_FAMILY = 1;
			};
			name = Debug;
		};
		5FCCE9C5221134A100D7A91F /* Release */ = {
			isa = XCBuildConfiguration;
			baseConfigurationReference = 1FBA0418C24CAF4C836C42C3 /* Pods-RxSwiftExample.release.xcconfig */;
			buildSettings = {
				ASSETCATALOG_COMPILER_APPICON_NAME = AppIcon;
				CLANG_ENABLE_MODULES = YES;
				CODE_SIGN_STYLE = Automatic;
				INFOPLIST_FILE = "$(SRCROOT)/RxSwiftExample/SupportFile/Info.plist";
				IPHONEOS_DEPLOYMENT_TARGET = 11.0;
				LD_RUNPATH_SEARCH_PATHS = (
					"$(inherited)",
					"@executable_path/Frameworks",
				);
				PRODUCT_BUNDLE_IDENTIFIER = kr.hanzo.RxSwiftExample;
				PRODUCT_NAME = "$(TARGET_NAME)";
				SWIFT_OBJC_BRIDGING_HEADER = "";
				SWIFT_VERSION = 4.2;
				TARGETED_DEVICE_FAMILY = 1;
			};
			name = Release;
		};
/* End XCBuildConfiguration section */

/* Begin XCConfigurationList section */
		5FCCE9AC221134A000D7A91F /* Build configuration list for PBXProject "RxSwiftExample" */ = {
			isa = XCConfigurationList;
			buildConfigurations = (
				5FCCE9C1221134A100D7A91F /* Debug */,
				5FCCE9C2221134A100D7A91F /* Release */,
			);
			defaultConfigurationIsVisible = 0;
			defaultConfigurationName = Release;
		};
		5FCCE9C3221134A100D7A91F /* Build configuration list for PBXNativeTarget "RxSwiftExample" */ = {
			isa = XCConfigurationList;
			buildConfigurations = (
				5FCCE9C4221134A100D7A91F /* Debug */,
				5FCCE9C5221134A100D7A91F /* Release */,
			);
			defaultConfigurationIsVisible = 0;
			defaultConfigurationName = Release;
		};
/* End XCConfigurationList section */
	};
	rootObject = 5FCCE9A9221134A000D7A91F /* Project object */;
}
